
Microsoft Visual Studio Solution File, Format Version 12.00
# Visual Studio Version 16
VisualStudioVersion = 16.0.32602.291
MinimumVisualStudioVersion = 10.0.40219.1
Project("{FAE04EC0-301F-11D3-BF4B-00C04F79EFBC}") = "networking_socket_form", "networking_socket_form.csproj", "{7C3FDAF5-879E-45D7-B357-C3B04F9FB66D}"
EndProject
Project("{FAE04EC0-301F-11D3-BF4B-00C04F79EFBC}") = "client_socket", "..\client_socket\client_socket.csproj", "{1B5FA86A-7CA3-48AB-AAC1-D1BB73E8E581}"
EndProject
Global
	GlobalSection(SolutionConfigurationPlatforms) = preSolution
		Debug|Any CPU = Debug|Any CPU
		Release|Any CPU = Release|Any CPU
	EndGlobalSection
	GlobalSection(ProjectConfigurationPlatforms) = postSolution
		{7C3FDAF5-879E-45D7-B357-C3B04F9FB66D}.Debug|Any CPU.ActiveCfg = Debug|Any CPU
		{7C3FDAF5-879E-45D7-B357-C3B04F9FB66D}.Debug|Any CPU.Build.0 = Debug|Any CPU
		{7C3FDAF5-879E-45D7-B357-C3B04F9FB66D}.Release|Any CPU.ActiveCfg = Release|Any CPU
		{7C3FDAF5-879E-45D7-B357-C3B04F9FB66D}.Release|Any CPU.Build.0 = Release|Any CPU
		{1B5FA86A-7CA3-48AB-AAC1-D1BB73E8E581}.Debug|Any CPU.ActiveCfg = Debug|Any CPU
		{1B5FA86A-7CA3-48AB-AAC1-D1BB73E8E581}.Debug|Any CPU.Build.0 = Debug|Any CPU
		{1B5FA86A-7CA3-48AB-AAC1-D1BB73E8E581}.Release|Any CPU.ActiveCfg = Release|Any CPU
		{1B5FA86A-7CA3-48AB-AAC1-D1BB73E8E581}.Release|Any CPU.Build.0 = Release|Any CPU
	EndGlobalSection
	GlobalSection(SolutionProperties) = preSolution
		HideSolutionNode = FALSE
	EndGlobalSection
	GlobalSection(ExtensibilityGlobals) = postSolution
		SolutionGuid = {B9042BFA-3B64-4B63-AB05-968C53207B9F}
	EndGlobalSection
EndGlobal
